
Microsoft Visual Studio Solution File, Format Version 12.00
# Visual Studio Version 17
VisualStudioVersion = 17.14.36203.30
MinimumVisualStudioVersion = 10.0.40219.1
Project("{FAE04EC0-301F-11D3-BF4B-00C04F79EFBC}") = "Muninn.Kernel", "src\Muninn.Kernel\Muninn.Kernel.csproj", "{746FFCA1-1E9B-300B-1B38-F57A238AB055}"
EndProject
Project("{FAE04EC0-301F-11D3-BF4B-00C04F79EFBC}") = "Muninn.Api", "src\Muninn.Api\Muninn.Api.csproj", "{62DDA2F0-8476-4E33-8A78-E1713D823D9C}"
EndProject
Project("{2150E333-8FDC-42A3-9474-1A3956D46DE8}") = "Server", "Server", "{02EA681E-C7D8-13C7-8484-4AC65E1B71E8}"
EndProject
Project("{2150E333-8FDC-42A3-9474-1A3956D46DE8}") = "Client", "Client", "{00C6BAC9-09FD-4308-9F21-3530AB5C461E}"
EndProject
Project("{FAE04EC0-301F-11D3-BF4B-00C04F79EFBC}") = "Muninn.Client", "src\Muninn.Client\Muninn.Client.csproj", "{28DEA499-9384-4174-88FE-99B4F284FD92}"
EndProject
Project("{FAE04EC0-301F-11D3-BF4B-00C04F79EFBC}") = "Muninn.Tests.Server", "src\Muninn.Tests.Server\Muninn.Tests.Server.csproj", "{898D6B9D-20C7-4521-8CFE-1E43AC427EF6}"
EndProject
Project("{FAE04EC0-301F-11D3-BF4B-00C04F79EFBC}") = "Muninn.Api.Grpc", "src\Muninn.Api.Grpc\Muninn.Api.Grpc.csproj", "{CCAD2E91-E8A9-4500-8EAE-C0FF33F815E8}"
EndProject
Project("{FAE04EC0-301F-11D3-BF4B-00C04F79EFBC}") = "Muninn.Client.Grpc", "src\Muninn.Client.Grpc\Muninn.Client.Grpc.csproj", "{32FC0F7E-BC9C-48DC-81AD-6576D3AE1AA7}"
EndProject
Project("{2150E333-8FDC-42A3-9474-1A3956D46DE8}") = "Shared", "Shared", "{B169658E-E5AB-48D6-9A66-8E61158DE08C}"
EndProject
Project("{2150E333-8FDC-42A3-9474-1A3956D46DE8}") = "Grpc", "Grpc", "{716F8DFF-5B20-48DA-9F04-C798567E9751}"
EndProject
Project("{2150E333-8FDC-42A3-9474-1A3956D46DE8}") = "Client", "Client", "{8A663663-CA02-4FF6-B7D7-2103C7D1F952}"
EndProject
Project("{FAE04EC0-301F-11D3-BF4B-00C04F79EFBC}") = "Muninn.Client.Shared", "src\Muninn.Client.Shared\Muninn.Client.Shared.csproj", "{F29FDBF4-6261-749B-F3B5-5F7EE750DA97}"
EndProject
Project("{FAE04EC0-301F-11D3-BF4B-00C04F79EFBC}") = "Muninn.Grpc.Contracts", "src\Muninn.Grpc.Contracts\Muninn.Grpc.Contracts.csproj", "{C7EB9110-9943-A199-08B6-48A65BE88540}"
EndProject
Project("{2150E333-8FDC-42A3-9474-1A3956D46DE8}") = "src", "src", "{B9E8996E-0438-46A1-AAB0-944428C6029A}"
EndProject
Project("{FAE04EC0-301F-11D3-BF4B-00C04F79EFBC}") = "Muninn.Client.SourceGeneration", "src\Muninn.Client.SourceGeneration\Muninn.Client.SourceGeneration.csproj", "{09E95004-03D8-4BE4-8866-D3BBDAB75BFE}"
EndProject
Project("{2150E333-8FDC-42A3-9474-1A3956D46DE8}") = "Tests", "Tests", "{1590C474-A78B-46EA-9A60-061B6D747E9A}"
EndProject
Project("{FAE04EC0-301F-11D3-BF4B-00C04F79EFBC}") = "Muninn.Tests.Shared", "src\Muninn.Tests.Shared\Muninn.Tests.Shared.csproj", "{4ADE83BE-27C0-4BE3-A9E0-561C5C461A7F}"
EndProject
Global
	GlobalSection(SolutionConfigurationPlatforms) = preSolution
		Debug|Any CPU = Debug|Any CPU
		Release|Any CPU = Release|Any CPU
	EndGlobalSection
	GlobalSection(ProjectConfigurationPlatforms) = postSolution
		{746FFCA1-1E9B-300B-1B38-F57A238AB055}.Debug|Any CPU.ActiveCfg = Debug|Any CPU
		{746FFCA1-1E9B-300B-1B38-F57A238AB055}.Debug|Any CPU.Build.0 = Debug|Any CPU
		{746FFCA1-1E9B-300B-1B38-F57A238AB055}.Release|Any CPU.ActiveCfg = Release|Any CPU
		{746FFCA1-1E9B-300B-1B38-F57A238AB055}.Release|Any CPU.Build.0 = Release|Any CPU
		{62DDA2F0-8476-4E33-8A78-E1713D823D9C}.Debug|Any CPU.ActiveCfg = Debug|Any CPU
		{62DDA2F0-8476-4E33-8A78-E1713D823D9C}.Debug|Any CPU.Build.0 = Debug|Any CPU
		{62DDA2F0-8476-4E33-8A78-E1713D823D9C}.Release|Any CPU.ActiveCfg = Release|Any CPU
		{62DDA2F0-8476-4E33-8A78-E1713D823D9C}.Release|Any CPU.Build.0 = Release|Any CPU
		{28DEA499-9384-4174-88FE-99B4F284FD92}.Debug|Any CPU.ActiveCfg = Debug|Any CPU
		{28DEA499-9384-4174-88FE-99B4F284FD92}.Debug|Any CPU.Build.0 = Debug|Any CPU
		{28DEA499-9384-4174-88FE-99B4F284FD92}.Release|Any CPU.ActiveCfg = Release|Any CPU
		{28DEA499-9384-4174-88FE-99B4F284FD92}.Release|Any CPU.Build.0 = Release|Any CPU
		{898D6B9D-20C7-4521-8CFE-1E43AC427EF6}.Debug|Any CPU.ActiveCfg = Debug|Any CPU
		{898D6B9D-20C7-4521-8CFE-1E43AC427EF6}.Debug|Any CPU.Build.0 = Debug|Any CPU
		{898D6B9D-20C7-4521-8CFE-1E43AC427EF6}.Release|Any CPU.ActiveCfg = Release|Any CPU
		{898D6B9D-20C7-4521-8CFE-1E43AC427EF6}.Release|Any CPU.Build.0 = Release|Any CPU
		{CCAD2E91-E8A9-4500-8EAE-C0FF33F815E8}.Debug|Any CPU.ActiveCfg = Debug|Any CPU
		{CCAD2E91-E8A9-4500-8EAE-C0FF33F815E8}.Debug|Any CPU.Build.0 = Debug|Any CPU
		{CCAD2E91-E8A9-4500-8EAE-C0FF33F815E8}.Release|Any CPU.ActiveCfg = Release|Any CPU
		{CCAD2E91-E8A9-4500-8EAE-C0FF33F815E8}.Release|Any CPU.Build.0 = Release|Any CPU
		{32FC0F7E-BC9C-48DC-81AD-6576D3AE1AA7}.Debug|Any CPU.ActiveCfg = Debug|Any CPU
		{32FC0F7E-BC9C-48DC-81AD-6576D3AE1AA7}.Debug|Any CPU.Build.0 = Debug|Any CPU
		{32FC0F7E-BC9C-48DC-81AD-6576D3AE1AA7}.Release|Any CPU.ActiveCfg = Release|Any CPU
		{32FC0F7E-BC9C-48DC-81AD-6576D3AE1AA7}.Release|Any CPU.Build.0 = Release|Any CPU
		{F29FDBF4-6261-749B-F3B5-5F7EE750DA97}.Debug|Any CPU.ActiveCfg = Debug|Any CPU
		{F29FDBF4-6261-749B-F3B5-5F7EE750DA97}.Debug|Any CPU.Build.0 = Debug|Any CPU
		{F29FDBF4-6261-749B-F3B5-5F7EE750DA97}.Release|Any CPU.ActiveCfg = Release|Any CPU
		{F29FDBF4-6261-749B-F3B5-5F7EE750DA97}.Release|Any CPU.Build.0 = Release|Any CPU
		{C7EB9110-9943-A199-08B6-48A65BE88540}.Debug|Any CPU.ActiveCfg = Debug|Any CPU
		{C7EB9110-9943-A199-08B6-48A65BE88540}.Debug|Any CPU.Build.0 = Debug|Any CPU
		{C7EB9110-9943-A199-08B6-48A65BE88540}.Release|Any CPU.ActiveCfg = Release|Any CPU
		{C7EB9110-9943-A199-08B6-48A65BE88540}.Release|Any CPU.Build.0 = Release|Any CPU
		{09E95004-03D8-4BE4-8866-D3BBDAB75BFE}.Debug|Any CPU.ActiveCfg = Debug|Any CPU
		{09E95004-03D8-4BE4-8866-D3BBDAB75BFE}.Debug|Any CPU.Build.0 = Debug|Any CPU
		{09E95004-03D8-4BE4-8866-D3BBDAB75BFE}.Release|Any CPU.ActiveCfg = Release|Any CPU
		{09E95004-03D8-4BE4-8866-D3BBDAB75BFE}.Release|Any CPU.Build.0 = Release|Any CPU
		{4ADE83BE-27C0-4BE3-A9E0-561C5C461A7F}.Debug|Any CPU.ActiveCfg = Debug|Any CPU
		{4ADE83BE-27C0-4BE3-A9E0-561C5C461A7F}.Debug|Any CPU.Build.0 = Debug|Any CPU
		{4ADE83BE-27C0-4BE3-A9E0-561C5C461A7F}.Release|Any CPU.ActiveCfg = Release|Any CPU
		{4ADE83BE-27C0-4BE3-A9E0-561C5C461A7F}.Release|Any CPU.Build.0 = Release|Any CPU
	EndGlobalSection
	GlobalSection(SolutionProperties) = preSolution
		HideSolutionNode = FALSE
	EndGlobalSection
	GlobalSection(NestedProjects) = preSolution
		{746FFCA1-1E9B-300B-1B38-F57A238AB055} = {02EA681E-C7D8-13C7-8484-4AC65E1B71E8}
		{62DDA2F0-8476-4E33-8A78-E1713D823D9C} = {02EA681E-C7D8-13C7-8484-4AC65E1B71E8}
		{28DEA499-9384-4174-88FE-99B4F284FD92} = {00C6BAC9-09FD-4308-9F21-3530AB5C461E}
		{CCAD2E91-E8A9-4500-8EAE-C0FF33F815E8} = {02EA681E-C7D8-13C7-8484-4AC65E1B71E8}
		{32FC0F7E-BC9C-48DC-81AD-6576D3AE1AA7} = {00C6BAC9-09FD-4308-9F21-3530AB5C461E}
		{716F8DFF-5B20-48DA-9F04-C798567E9751} = {B169658E-E5AB-48D6-9A66-8E61158DE08C}
		{8A663663-CA02-4FF6-B7D7-2103C7D1F952} = {B169658E-E5AB-48D6-9A66-8E61158DE08C}
		{F29FDBF4-6261-749B-F3B5-5F7EE750DA97} = {8A663663-CA02-4FF6-B7D7-2103C7D1F952}
		{C7EB9110-9943-A199-08B6-48A65BE88540} = {716F8DFF-5B20-48DA-9F04-C798567E9751}
		{00C6BAC9-09FD-4308-9F21-3530AB5C461E} = {B9E8996E-0438-46A1-AAB0-944428C6029A}
		{02EA681E-C7D8-13C7-8484-4AC65E1B71E8} = {B9E8996E-0438-46A1-AAB0-944428C6029A}
		{B169658E-E5AB-48D6-9A66-8E61158DE08C} = {B9E8996E-0438-46A1-AAB0-944428C6029A}
		{09E95004-03D8-4BE4-8866-D3BBDAB75BFE} = {8A663663-CA02-4FF6-B7D7-2103C7D1F952}
		{1590C474-A78B-46EA-9A60-061B6D747E9A} = {B9E8996E-0438-46A1-AAB0-944428C6029A}
		{898D6B9D-20C7-4521-8CFE-1E43AC427EF6} = {1590C474-A78B-46EA-9A60-061B6D747E9A}
		{4ADE83BE-27C0-4BE3-A9E0-561C5C461A7F} = {1590C474-A78B-46EA-9A60-061B6D747E9A}
	EndGlobalSection
	GlobalSection(ExtensibilityGlobals) = postSolution
		SolutionGuid = {49948E07-C885-48C7-8E93-0351E22069B9}
	EndGlobalSection
EndGlobal
