
Microsoft Visual Studio Solution File, Format Version 12.00
# Visual Studio Version 17
VisualStudioVersion = 17.14.36203.30
MinimumVisualStudioVersion = 10.0.40219.1
Project("{2150E333-8FDC-42A3-9474-1A3956D46DE8}") = "src", "src", "{B9E8996E-0438-46A1-AAB0-944428C6029A}"
EndProject
Project("{2150E333-8FDC-42A3-9474-1A3956D46DE8}") = "client", "client", "{39E310EF-0CD8-4157-9619-3BC7F5A5C099}"
EndProject
Project("{2150E333-8FDC-42A3-9474-1A3956D46DE8}") = "shared", "shared", "{AE9D367B-2F17-4825-8C70-3019CE8FE6FC}"
EndProject
Project("{2150E333-8FDC-42A3-9474-1A3956D46DE8}") = "server", "server", "{75584A0B-9A15-469D-89F7-4D7632156D8C}"
EndProject
Project("{2150E333-8FDC-42A3-9474-1A3956D46DE8}") = "tests", "tests", "{D3FAD112-D05A-47DF-9B0C-F56C39E45753}"
EndProject
Project("{FAE04EC0-301F-11D3-BF4B-00C04F79EFBC}") = "Muninn.Client", "src\client\Muninn.Client\Muninn.Client.csproj", "{63A58195-390C-4061-8038-6BF1711E443B}"
EndProject
Project("{FAE04EC0-301F-11D3-BF4B-00C04F79EFBC}") = "Muninn.Client.Grpc", "src\client\Muninn.Client.Grpc\Muninn.Client.Grpc.csproj", "{B0E0AAFE-1B75-4F6E-B298-574BAE75D7A0}"
EndProject
Project("{FAE04EC0-301F-11D3-BF4B-00C04F79EFBC}") = "Muninn.Api", "src\server\Muninn.Api\Muninn.Api.csproj", "{A0A36463-DE31-43CA-9E25-416559F53CC1}"
EndProject
Project("{FAE04EC0-301F-11D3-BF4B-00C04F79EFBC}") = "Muninn.Api.Grpc", "src\server\Muninn.Api.Grpc\Muninn.Api.Grpc.csproj", "{949B4B3A-C0E4-4F83-ACEE-EC4CCB74A174}"
EndProject
Project("{FAE04EC0-301F-11D3-BF4B-00C04F79EFBC}") = "Muninn.Kernel", "src\server\Muninn.Kernel\Muninn.Kernel.csproj", "{D16B4B99-C77C-4930-8CE9-51D2F064431A}"
EndProject
Project("{FAE04EC0-301F-11D3-BF4B-00C04F79EFBC}") = "Muninn.Client.Shared", "src\shared\Muninn.Client.Shared\Muninn.Client.Shared.csproj", "{B43B78BD-CBA5-4FC7-98D4-561B95015258}"
EndProject
Project("{FAE04EC0-301F-11D3-BF4B-00C04F79EFBC}") = "Muninn.Client.SourceGeneration", "src\shared\Muninn.Client.SourceGeneration\Muninn.Client.SourceGeneration.csproj", "{CA427F7A-662A-4464-8353-254BD5D1E670}"
EndProject
Project("{FAE04EC0-301F-11D3-BF4B-00C04F79EFBC}") = "Muninn.Grpc.Contracts", "src\shared\Muninn.Grpc.Contracts\Muninn.Grpc.Contracts.csproj", "{489918C6-4280-44C3-B2AD-29F4EB7345BB}"
EndProject
Project("{FAE04EC0-301F-11D3-BF4B-00C04F79EFBC}") = "Muninn.Tests.Server", "src\tests\Muninn.Tests.Server\Muninn.Tests.Server.csproj", "{280161F1-1A0F-4F37-8C63-F5C625C2A7C2}"
EndProject
Project("{FAE04EC0-301F-11D3-BF4B-00C04F79EFBC}") = "Muninn.Tests.Shared", "src\tests\Muninn.Tests.Shared\Muninn.Tests.Shared.csproj", "{2796A4CB-BE1F-4130-A903-EE9B5CDF351B}"
EndProject
Global
	GlobalSection(SolutionConfigurationPlatforms) = preSolution
		Debug|Any CPU = Debug|Any CPU
		Release|Any CPU = Release|Any CPU
	EndGlobalSection
	GlobalSection(ProjectConfigurationPlatforms) = postSolution
		{63A58195-390C-4061-8038-6BF1711E443B}.Debug|Any CPU.ActiveCfg = Debug|Any CPU
		{63A58195-390C-4061-8038-6BF1711E443B}.Debug|Any CPU.Build.0 = Debug|Any CPU
		{63A58195-390C-4061-8038-6BF1711E443B}.Release|Any CPU.ActiveCfg = Release|Any CPU
		{63A58195-390C-4061-8038-6BF1711E443B}.Release|Any CPU.Build.0 = Release|Any CPU
		{B0E0AAFE-1B75-4F6E-B298-574BAE75D7A0}.Debug|Any CPU.ActiveCfg = Debug|Any CPU
		{B0E0AAFE-1B75-4F6E-B298-574BAE75D7A0}.Debug|Any CPU.Build.0 = Debug|Any CPU
		{B0E0AAFE-1B75-4F6E-B298-574BAE75D7A0}.Release|Any CPU.ActiveCfg = Release|Any CPU
		{B0E0AAFE-1B75-4F6E-B298-574BAE75D7A0}.Release|Any CPU.Build.0 = Release|Any CPU
		{A0A36463-DE31-43CA-9E25-416559F53CC1}.Debug|Any CPU.ActiveCfg = Debug|Any CPU
		{A0A36463-DE31-43CA-9E25-416559F53CC1}.Debug|Any CPU.Build.0 = Debug|Any CPU
		{A0A36463-DE31-43CA-9E25-416559F53CC1}.Release|Any CPU.ActiveCfg = Release|Any CPU
		{A0A36463-DE31-43CA-9E25-416559F53CC1}.Release|Any CPU.Build.0 = Release|Any CPU
		{949B4B3A-C0E4-4F83-ACEE-EC4CCB74A174}.Debug|Any CPU.ActiveCfg = Debug|Any CPU
		{949B4B3A-C0E4-4F83-ACEE-EC4CCB74A174}.Debug|Any CPU.Build.0 = Debug|Any CPU
		{949B4B3A-C0E4-4F83-ACEE-EC4CCB74A174}.Release|Any CPU.ActiveCfg = Release|Any CPU
		{949B4B3A-C0E4-4F83-ACEE-EC4CCB74A174}.Release|Any CPU.Build.0 = Release|Any CPU
		{D16B4B99-C77C-4930-8CE9-51D2F064431A}.Debug|Any CPU.ActiveCfg = Debug|Any CPU
		{D16B4B99-C77C-4930-8CE9-51D2F064431A}.Debug|Any CPU.Build.0 = Debug|Any CPU
		{D16B4B99-C77C-4930-8CE9-51D2F064431A}.Release|Any CPU.ActiveCfg = Release|Any CPU
		{D16B4B99-C77C-4930-8CE9-51D2F064431A}.Release|Any CPU.Build.0 = Release|Any CPU
		{B43B78BD-CBA5-4FC7-98D4-561B95015258}.Debug|Any CPU.ActiveCfg = Debug|Any CPU
		{B43B78BD-CBA5-4FC7-98D4-561B95015258}.Debug|Any CPU.Build.0 = Debug|Any CPU
		{B43B78BD-CBA5-4FC7-98D4-561B95015258}.Release|Any CPU.ActiveCfg = Release|Any CPU
		{B43B78BD-CBA5-4FC7-98D4-561B95015258}.Release|Any CPU.Build.0 = Release|Any CPU
		{CA427F7A-662A-4464-8353-254BD5D1E670}.Debug|Any CPU.ActiveCfg = Debug|Any CPU
		{CA427F7A-662A-4464-8353-254BD5D1E670}.Debug|Any CPU.Build.0 = Debug|Any CPU
		{CA427F7A-662A-4464-8353-254BD5D1E670}.Release|Any CPU.ActiveCfg = Release|Any CPU
		{CA427F7A-662A-4464-8353-254BD5D1E670}.Release|Any CPU.Build.0 = Release|Any CPU
		{489918C6-4280-44C3-B2AD-29F4EB7345BB}.Debug|Any CPU.ActiveCfg = Debug|Any CPU
		{489918C6-4280-44C3-B2AD-29F4EB7345BB}.Debug|Any CPU.Build.0 = Debug|Any CPU
		{489918C6-4280-44C3-B2AD-29F4EB7345BB}.Release|Any CPU.ActiveCfg = Release|Any CPU
		{489918C6-4280-44C3-B2AD-29F4EB7345BB}.Release|Any CPU.Build.0 = Release|Any CPU
		{280161F1-1A0F-4F37-8C63-F5C625C2A7C2}.Debug|Any CPU.ActiveCfg = Debug|Any CPU
		{280161F1-1A0F-4F37-8C63-F5C625C2A7C2}.Debug|Any CPU.Build.0 = Debug|Any CPU
		{280161F1-1A0F-4F37-8C63-F5C625C2A7C2}.Release|Any CPU.ActiveCfg = Release|Any CPU
		{280161F1-1A0F-4F37-8C63-F5C625C2A7C2}.Release|Any CPU.Build.0 = Release|Any CPU
		{2796A4CB-BE1F-4130-A903-EE9B5CDF351B}.Debug|Any CPU.ActiveCfg = Debug|Any CPU
		{2796A4CB-BE1F-4130-A903-EE9B5CDF351B}.Debug|Any CPU.Build.0 = Debug|Any CPU
		{2796A4CB-BE1F-4130-A903-EE9B5CDF351B}.Release|Any CPU.ActiveCfg = Release|Any CPU
		{2796A4CB-BE1F-4130-A903-EE9B5CDF351B}.Release|Any CPU.Build.0 = Release|Any CPU
	EndGlobalSection
	GlobalSection(SolutionProperties) = preSolution
		HideSolutionNode = FALSE
	EndGlobalSection
	GlobalSection(NestedProjects) = preSolution
		{39E310EF-0CD8-4157-9619-3BC7F5A5C099} = {B9E8996E-0438-46A1-AAB0-944428C6029A}
		{AE9D367B-2F17-4825-8C70-3019CE8FE6FC} = {B9E8996E-0438-46A1-AAB0-944428C6029A}
		{75584A0B-9A15-469D-89F7-4D7632156D8C} = {B9E8996E-0438-46A1-AAB0-944428C6029A}
		{D3FAD112-D05A-47DF-9B0C-F56C39E45753} = {B9E8996E-0438-46A1-AAB0-944428C6029A}
		{63A58195-390C-4061-8038-6BF1711E443B} = {39E310EF-0CD8-4157-9619-3BC7F5A5C099}
		{B0E0AAFE-1B75-4F6E-B298-574BAE75D7A0} = {39E310EF-0CD8-4157-9619-3BC7F5A5C099}
		{A0A36463-DE31-43CA-9E25-416559F53CC1} = {75584A0B-9A15-469D-89F7-4D7632156D8C}
		{949B4B3A-C0E4-4F83-ACEE-EC4CCB74A174} = {75584A0B-9A15-469D-89F7-4D7632156D8C}
		{D16B4B99-C77C-4930-8CE9-51D2F064431A} = {75584A0B-9A15-469D-89F7-4D7632156D8C}
		{B43B78BD-CBA5-4FC7-98D4-561B95015258} = {AE9D367B-2F17-4825-8C70-3019CE8FE6FC}
		{CA427F7A-662A-4464-8353-254BD5D1E670} = {AE9D367B-2F17-4825-8C70-3019CE8FE6FC}
		{489918C6-4280-44C3-B2AD-29F4EB7345BB} = {AE9D367B-2F17-4825-8C70-3019CE8FE6FC}
		{280161F1-1A0F-4F37-8C63-F5C625C2A7C2} = {D3FAD112-D05A-47DF-9B0C-F56C39E45753}
		{2796A4CB-BE1F-4130-A903-EE9B5CDF351B} = {D3FAD112-D05A-47DF-9B0C-F56C39E45753}
	EndGlobalSection
	GlobalSection(ExtensibilityGlobals) = postSolution
		SolutionGuid = {49948E07-C885-48C7-8E93-0351E22069B9}
	EndGlobalSection
EndGlobal
